
Microsoft Visual Studio Solution File, Format Version 12.00
Project("{FAE04EC0-301F-11D3-BF4B-00C04F79EFBC}") = "si730ebu202118468.API", "si730ebu202118468.API\si730ebu202118468.API.csproj", "{EE8BBA98-708A-4781-A044-84D154B14E34}"
EndProject
Global
	GlobalSection(SolutionConfigurationPlatforms) = preSolution
		Debug|Any CPU = Debug|Any CPU
		Release|Any CPU = Release|Any CPU
	EndGlobalSection
	GlobalSection(ProjectConfigurationPlatforms) = postSolution
		{EE8BBA98-708A-4781-A044-84D154B14E34}.Debug|Any CPU.ActiveCfg = Debug|Any CPU
		{EE8BBA98-708A-4781-A044-84D154B14E34}.Debug|Any CPU.Build.0 = Debug|Any CPU
		{EE8BBA98-708A-4781-A044-84D154B14E34}.Release|Any CPU.ActiveCfg = Release|Any CPU
		{EE8BBA98-708A-4781-A044-84D154B14E34}.Release|Any CPU.Build.0 = Release|Any CPU
	EndGlobalSection
EndGlobal
